
Microsoft Visual Studio Solution File, Format Version 12.00
# Visual Studio 15
VisualStudioVersion = 15.0.26403.7
MinimumVisualStudioVersion = 10.0.40219.1
Project("{FAE04EC0-301F-11D3-BF4B-00C04F79EFBC}") = "Dhgms.GripeWithRoslyn.Analyzer", "Dhgms.GripeWithRoslyn.Analyzer\Dhgms.GripeWithRoslyn.Analyzer.csproj", "{C83BD07B-9C2A-4FA9-8F6D-98D761494B6C}"
EndProject
Project("{FAE04EC0-301F-11D3-BF4B-00C04F79EFBC}") = "Dhgms.GripeWithRoslyn.Analyzer.Test", "Dhgms.GripeWithRoslyn.Analyzer.Test\Dhgms.GripeWithRoslyn.Analyzer.Test.csproj", "{0D5026BC-C817-4153-BCF4-2AE53809A2A5}"
EndProject
Project("{FAE04EC0-301F-11D3-BF4B-00C04F79EFBC}") = "Dhgms.GripeWithRoslyn.Analyzer.Vsix", "Dhgms.GripeWithRoslyn.Analyzer.Vsix\Dhgms.GripeWithRoslyn.Analyzer.Vsix.csproj", "{C47EB397-7C21-4204-9B2E-C957A8EFD8E6}"
EndProject
Global
	GlobalSection(SolutionConfigurationPlatforms) = preSolution
		Debug|Any CPU = Debug|Any CPU
		Release|Any CPU = Release|Any CPU
	EndGlobalSection
	GlobalSection(ProjectConfigurationPlatforms) = postSolution
		{C83BD07B-9C2A-4FA9-8F6D-98D761494B6C}.Debug|Any CPU.ActiveCfg = Debug|Any CPU
		{C83BD07B-9C2A-4FA9-8F6D-98D761494B6C}.Debug|Any CPU.Build.0 = Debug|Any CPU
		{C83BD07B-9C2A-4FA9-8F6D-98D761494B6C}.Release|Any CPU.ActiveCfg = Release|Any CPU
		{C83BD07B-9C2A-4FA9-8F6D-98D761494B6C}.Release|Any CPU.Build.0 = Release|Any CPU
		{0D5026BC-C817-4153-BCF4-2AE53809A2A5}.Debug|Any CPU.ActiveCfg = Debug|Any CPU
		{0D5026BC-C817-4153-BCF4-2AE53809A2A5}.Debug|Any CPU.Build.0 = Debug|Any CPU
		{0D5026BC-C817-4153-BCF4-2AE53809A2A5}.Release|Any CPU.ActiveCfg = Release|Any CPU
		{0D5026BC-C817-4153-BCF4-2AE53809A2A5}.Release|Any CPU.Build.0 = Release|Any CPU
		{C47EB397-7C21-4204-9B2E-C957A8EFD8E6}.Debug|Any CPU.ActiveCfg = Debug|Any CPU
		{C47EB397-7C21-4204-9B2E-C957A8EFD8E6}.Debug|Any CPU.Build.0 = Debug|Any CPU
		{C47EB397-7C21-4204-9B2E-C957A8EFD8E6}.Release|Any CPU.ActiveCfg = Release|Any CPU
		{C47EB397-7C21-4204-9B2E-C957A8EFD8E6}.Release|Any CPU.Build.0 = Release|Any CPU
	EndGlobalSection
	GlobalSection(SolutionProperties) = preSolution
		HideSolutionNode = FALSE
	EndGlobalSection
EndGlobal
